
Microsoft Visual Studio Solution File, Format Version 12.00
# Visual Studio Version 17
VisualStudioVersion = 17.6.33723.286
MinimumVisualStudioVersion = 10.0.40219.1
Project("{FAE04EC0-301F-11D3-BF4B-00C04F79EFBC}") = "DesignPatterns_ForHuman_ForCSharp_ForKorean", "DesignPatterns_ForHuman_ForCSharp_ForKorean\DesignPatterns_ForHuman_ForCSharp_ForKorean.csproj", "{DCF00891-0BB0-43B9-BF25-8778CE268A2B}"
EndProject
Global
	GlobalSection(SolutionConfigurationPlatforms) = preSolution
		Debug|Any CPU = Debug|Any CPU
		Release|Any CPU = Release|Any CPU
	EndGlobalSection
	GlobalSection(ProjectConfigurationPlatforms) = postSolution
		{DCF00891-0BB0-43B9-BF25-8778CE268A2B}.Debug|Any CPU.ActiveCfg = Debug|Any CPU
		{DCF00891-0BB0-43B9-BF25-8778CE268A2B}.Debug|Any CPU.Build.0 = Debug|Any CPU
		{DCF00891-0BB0-43B9-BF25-8778CE268A2B}.Release|Any CPU.ActiveCfg = Release|Any CPU
		{DCF00891-0BB0-43B9-BF25-8778CE268A2B}.Release|Any CPU.Build.0 = Release|Any CPU
	EndGlobalSection
	GlobalSection(SolutionProperties) = preSolution
		HideSolutionNode = FALSE
	EndGlobalSection
	GlobalSection(ExtensibilityGlobals) = postSolution
		SolutionGuid = {8C00733F-A19B-4B7E-93DA-3005A0FF1A59}
	EndGlobalSection
EndGlobal
